// !$*UTF8*$!
{
	archiveVersion = 1;
	classes = {
	};
	objectVersion = 48;
	objects = {

/* Begin PBXBuildFile section */
		CD65AD7A20E5B79700EE1417 /* AppDelegate.swift in Sources */ = {isa = PBXBuildFile; fileRef = CD65AD7920E5B79700EE1417 /* AppDelegate.swift */; };
		CD65AD7F20E5B79700EE1417 /* Main.storyboard in Resources */ = {isa = PBXBuildFile; fileRef = CD65AD7D20E5B79700EE1417 /* Main.storyboard */; };
		CD65AD8120E5B79700EE1417 /* Assets.xcassets in Resources */ = {isa = PBXBuildFile; fileRef = CD65AD8020E5B79700EE1417 /* Assets.xcassets */; };
		CD65AD8420E5B79700EE1417 /* LaunchScreen.storyboard in Resources */ = {isa = PBXBuildFile; fileRef = CD65AD8220E5B79700EE1417 /* LaunchScreen.storyboard */; };
		CD65AD8D20E5B7FA00EE1417 /* MapKit.framework in Frameworks */ = {isa = PBXBuildFile; fileRef = CD65AD8C20E5B7FA00EE1417 /* MapKit.framework */; };
		CD65AD8F20E5BC5400EE1417 /* DtailViewController.swift in Sources */ = {isa = PBXBuildFile; fileRef = CD65AD8E20E5BC5400EE1417 /* DtailViewController.swift */; };
		CD65AD9120E5BC7C00EE1417 /* TotalMapViewController.swift in Sources */ = {isa = PBXBuildFile; fileRef = CD65AD9020E5BC7C00EE1417 /* TotalMapViewController.swift */; };
		CD65AD9320E5BC9600EE1417 /* MapViewController.swift in Sources */ = {isa = PBXBuildFile; fileRef = CD65AD9220E5BC9600EE1417 /* MapViewController.swift */; };
		CD65AD9920E5BD7700EE1417 /* TabelViewController.swift in Sources */ = {isa = PBXBuildFile; fileRef = CD65AD9820E5BD7700EE1417 /* TabelViewController.swift */; };
/* End PBXBuildFile section */

/* Begin PBXFileReference section */
		CD65AD7620E5B79700EE1417 /* DIT_FOOD_TERM_PROJECT.app */ = {isa = PBXFileReference; explicitFileType = wrapper.application; includeInIndex = 0; path = DIT_FOOD_TERM_PROJECT.app; sourceTree = BUILT_PRODUCTS_DIR; };
		CD65AD7920E5B79700EE1417 /* AppDelegate.swift */ = {isa = PBXFileReference; lastKnownFileType = sourcecode.swift; path = AppDelegate.swift; sourceTree = "<group>"; };
		CD65AD7E20E5B79700EE1417 /* Base */ = {isa = PBXFileReference; lastKnownFileType = file.storyboard; name = Base; path = Base.lproj/Main.storyboard; sourceTree = "<group>"; };
		CD65AD8020E5B79700EE1417 /* Assets.xcassets */ = {isa = PBXFileReference; lastKnownFileType = folder.assetcatalog; path = Assets.xcassets; sourceTree = "<group>"; };
		CD65AD8320E5B79700EE1417 /* Base */ = {isa = PBXFileReference; lastKnownFileType = file.storyboard; name = Base; path = Base.lproj/LaunchScreen.storyboard; sourceTree = "<group>"; };
		CD65AD8520E5B79700EE1417 /* Info.plist */ = {isa = PBXFileReference; lastKnownFileType = text.plist.xml; path = Info.plist; sourceTree = "<group>"; };
		CD65AD8C20E5B7FA00EE1417 /* MapKit.framework */ = {isa = PBXFileReference; lastKnownFileType = wrapper.framework; name = MapKit.framework; path = System/Library/Frameworks/MapKit.framework; sourceTree = SDKROOT; };
		CD65AD8E20E5BC5400EE1417 /* DtailViewController.swift */ = {isa = PBXFileReference; lastKnownFileType = sourcecode.swift; path = DtailViewController.swift; sourceTree = "<group>"; };
		CD65AD9020E5BC7C00EE1417 /* TotalMapViewController.swift */ = {isa = PBXFileReference; lastKnownFileType = sourcecode.swift; path = TotalMapViewController.swift; sourceTree = "<group>"; };
		CD65AD9220E5BC9600EE1417 /* MapViewController.swift */ = {isa = PBXFileReference; lastKnownFileType = sourcecode.swift; path = MapViewController.swift; sourceTree = "<group>"; };
		CD65AD9820E5BD7700EE1417 /* TabelViewController.swift */ = {isa = PBXFileReference; lastKnownFileType = sourcecode.swift; path = TabelViewController.swift; sourceTree = "<group>"; };
/* End PBXFileReference section */

/* Begin PBXFrameworksBuildPhase section */
		CD65AD7320E5B79700EE1417 /* Frameworks */ = {
			isa = PBXFrameworksBuildPhase;
			buildActionMask = 2147483647;
			files = (
				CD65AD8D20E5B7FA00EE1417 /* MapKit.framework in Frameworks */,
			);
			runOnlyForDeploymentPostprocessing = 0;
		};
/* End PBXFrameworksBuildPhase section */

/* Begin PBXGroup section */
		CD65AD6D20E5B79700EE1417 = {
			isa = PBXGroup;
			children = (
				CD65AD7820E5B79700EE1417 /* DIT_FOOD_TERM_PROJECT */,
				CD65AD7720E5B79700EE1417 /* Products */,
				CD65AD8B20E5B7FA00EE1417 /* Frameworks */,
			);
			sourceTree = "<group>";
		};
		CD65AD7720E5B79700EE1417 /* Products */ = {
			isa = PBXGroup;
			children = (
				CD65AD7620E5B79700EE1417 /* DIT_FOOD_TERM_PROJECT.app */,
			);
			name = Products;
			sourceTree = "<group>";
		};
		CD65AD7820E5B79700EE1417 /* DIT_FOOD_TERM_PROJECT */ = {
			isa = PBXGroup;
			children = (
				CD65AD7920E5B79700EE1417 /* AppDelegate.swift */,
				CD65AD7D20E5B79700EE1417 /* Main.storyboard */,
				CD65AD9820E5BD7700EE1417 /* TabelViewController.swift */,
				CD65AD9220E5BC9600EE1417 /* MapViewController.swift */,
				CD65AD9020E5BC7C00EE1417 /* TotalMapViewController.swift */,
				CD65AD8E20E5BC5400EE1417 /* DtailViewController.swift */,
				CD65AD8020E5B79700EE1417 /* Assets.xcassets */,
				CD65AD8220E5B79700EE1417 /* LaunchScreen.storyboard */,
				CD65AD8520E5B79700EE1417 /* Info.plist */,
			);
			path = DIT_FOOD_TERM_PROJECT;
			sourceTree = "<group>";
		};
		CD65AD8B20E5B7FA00EE1417 /* Frameworks */ = {
			isa = PBXGroup;
			children = (
				CD65AD8C20E5B7FA00EE1417 /* MapKit.framework */,
			);
			name = Frameworks;
			sourceTree = "<group>";
		};
/* End PBXGroup section */

/* Begin PBXNativeTarget section */
		CD65AD7520E5B79700EE1417 /* DIT_FOOD_TERM_PROJECT */ = {
			isa = PBXNativeTarget;
			buildConfigurationList = CD65AD8820E5B79700EE1417 /* Build configuration list for PBXNativeTarget "DIT_FOOD_TERM_PROJECT" */;
			buildPhases = (
				CD65AD7220E5B79700EE1417 /* Sources */,
				CD65AD7320E5B79700EE1417 /* Frameworks */,
				CD65AD7420E5B79700EE1417 /* Resources */,
			);
			buildRules = (
			);
			dependencies = (
			);
			name = DIT_FOOD_TERM_PROJECT;
			productName = DIT_FOOD_TERM_PROJECT;
			productReference = CD65AD7620E5B79700EE1417 /* DIT_FOOD_TERM_PROJECT.app */;
			productType = "com.apple.product-type.application";
		};
/* End PBXNativeTarget section */

/* Begin PBXProject section */
		CD65AD6E20E5B79700EE1417 /* Project object */ = {
			isa = PBXProject;
			attributes = {
				LastSwiftUpdateCheck = 0920;
				LastUpgradeCheck = 0920;
				ORGANIZATIONNAME = D7703_21;
				TargetAttributes = {
					CD65AD7520E5B79700EE1417 = {
						CreatedOnToolsVersion = 9.2;
						ProvisioningStyle = Automatic;
					};
				};
			};
			buildConfigurationList = CD65AD7120E5B79700EE1417 /* Build configuration list for PBXProject "DIT_FOOD_TERM_PROJECT" */;
			compatibilityVersion = "Xcode 8.0";
			developmentRegion = en;
			hasScannedForEncodings = 0;
			knownRegions = (
				en,
				Base,
			);
			mainGroup = CD65AD6D20E5B79700EE1417;
			productRefGroup = CD65AD7720E5B79700EE1417 /* Products */;
			projectDirPath = "";
			projectRoot = "";
			targets = (
				CD65AD7520E5B79700EE1417 /* DIT_FOOD_TERM_PROJECT */,
			);
		};
/* End PBXProject section */

/* Begin PBXResourcesBuildPhase section */
		CD65AD7420E5B79700EE1417 /* Resources */ = {
			isa = PBXResourcesBuildPhase;
			buildActionMask = 2147483647;
			files = (
				CD65AD8420E5B79700EE1417 /* LaunchScreen.storyboard in Resources */,
				CD65AD8120E5B79700EE1417 /* Assets.xcassets in Resources */,
				CD65AD7F20E5B79700EE1417 /* Main.storyboard in Resources */,
			);
			runOnlyForDeploymentPostprocessing = 0;
		};
/* End PBXResourcesBuildPhase section */

/* Begin PBXSourcesBuildPhase section */
		CD65AD7220E5B79700EE1417 /* Sources */ = {
			isa = PBXSourcesBuildPhase;
			buildActionMask = 2147483647;
			files = (
				CD65AD7A20E5B79700EE1417 /* AppDelegate.swift in Sources */,
				CD65AD8F20E5BC5400EE1417 /* DtailViewController.swift in Sources */,
				CD65AD9120E5BC7C00EE1417 /* TotalMapViewController.swift in Sources */,
				CD65AD9320E5BC9600EE1417 /* MapViewController.swift in Sources */,
				CD65AD9920E5BD7700EE1417 /* TabelViewController.swift in Sources */,
			);
			runOnlyForDeploymentPostprocessing = 0;
		};
/* End PBXSourcesBuildPhase section */

/* Begin PBXVariantGroup section */
		CD65AD7D20E5B79700EE1417 /* Main.storyboard */ = {
			isa = PBXVariantGroup;
			children = (
				CD65AD7E20E5B79700EE1417 /* Base */,
			);
			name = Main.storyboard;
			sourceTree = "<group>";
		};
		CD65AD8220E5B79700EE1417 /* LaunchScreen.storyboard */ = {
			isa = PBXVariantGroup;
			children = (
				CD65AD8320E5B79700EE1417 /* Base */,
			);
			name = LaunchScreen.storyboard;
			sourceTree = "<group>";
		};
/* End PBXVariantGroup section */

/* Begin XCBuildConfiguration section */
		CD65AD8620E5B79700EE1417 /* Debug */ = {
			isa = XCBuildConfiguration;
			buildSettings = {
				ALWAYS_SEARCH_USER_PATHS = NO;
				CLANG_ANALYZER_NONNULL = YES;
				CLANG_ANALYZER_NUMBER_OBJECT_CONVERSION = YES_AGGRESSIVE;
				CLANG_CXX_LANGUAGE_STANDARD = "gnu++14";
				CLANG_CXX_LIBRARY = "libc++";
				CLANG_ENABLE_MODULES = YES;
				CLANG_ENABLE_OBJC_ARC = YES;
				CLANG_WARN_BLOCK_CAPTURE_AUTORELEASING = YES;
				CLANG_WARN_BOOL_CONVERSION = YES;
				CLANG_WARN_COMMA = YES;
				CLANG_WARN_CONSTANT_CONVERSION = YES;
				CLANG_WARN_DIRECT_OBJC_ISA_USAGE = YES_ERROR;
				CLANG_WARN_DOCUMENTATION_COMMENTS = YES;
				CLANG_WARN_EMPTY_BODY = YES;
				CLANG_WARN_ENUM_CONVERSION = YES;
				CLANG_WARN_INFINITE_RECURSION = YES;
				CLANG_WARN_INT_CONVERSION = YES;
				CLANG_WARN_NON_LITERAL_NULL_CONVERSION = YES;
				CLANG_WARN_OBJC_LITERAL_CONVERSION = YES;
				CLANG_WARN_OBJC_ROOT_CLASS = YES_ERROR;
				CLANG_WARN_RANGE_LOOP_ANALYSIS = YES;
				CLANG_WARN_STRICT_PROTOTYPES = YES;
				CLANG_WARN_SUSPICIOUS_MOVE = YES;
				CLANG_WARN_UNGUARDED_AVAILABILITY = YES_AGGRESSIVE;
				CLANG_WARN_UNREACHABLE_CODE = YES;
				CLANG_WARN__DUPLICATE_METHOD_MATCH = YES;
				CODE_SIGN_IDENTITY = "iPhone Developer";
				COPY_PHASE_STRIP = NO;
				DEBUG_INFORMATION_FORMAT = dwarf;
				ENABLE_STRICT_OBJC_MSGSEND = YES;
				ENABLE_TESTABILITY = YES;
				GCC_C_LANGUAGE_STANDARD = gnu11;
				GCC_DYNAMIC_NO_PIC = NO;
				GCC_NO_COMMON_BLOCKS = YES;
				GCC_OPTIMIZATION_LEVEL = 0;
				GCC_PREPROCESSOR_DEFINITIONS = (
					"DEBUG=1",
					"$(inherited)",
				);
				GCC_WARN_64_TO_32_BIT_CONVERSION = YES;
				GCC_WARN_ABOUT_RETURN_TYPE = YES_ERROR;
				GCC_WARN_UNDECLARED_SELECTOR = YES;
				GCC_WARN_UNINITIALIZED_AUTOS = YES_AGGRESSIVE;
				GCC_WARN_UNUSED_FUNCTION = YES;
				GCC_WARN_UNUSED_VARIABLE = YES;
				IPHONEOS_DEPLOYMENT_TARGET = 11.2;
				MTL_ENABLE_DEBUG_INFO = YES;
				ONLY_ACTIVE_ARCH = YES;
				SDKROOT = iphoneos;
				SWIFT_ACTIVE_COMPILATION_CONDITIONS = DEBUG;
				SWIFT_OPTIMIZATION_LEVEL = "-Onone";
			};
			name = Debug;
		};
		CD65AD8720E5B79700EE1417 /* Release */ = {
			isa = XCBuildConfiguration;
			buildSettings = {
				ALWAYS_SEARCH_USER_PATHS = NO;
				CLANG_ANALYZER_NONNULL = YES;
				CLANG_ANALYZER_NUMBER_OBJECT_CONVERSION = YES_AGGRESSIVE;
				CLANG_CXX_LANGUAGE_STANDARD = "gnu++14";
				CLANG_CXX_LIBRARY = "libc++";
				CLANG_ENABLE_MODULES = YES;
				CLANG_ENABLE_OBJC_ARC = YES;
				CLANG_WARN_BLOCK_CAPTURE_AUTORELEASING = YES;
				CLANG_WARN_BOOL_CONVERSION = YES;
				CLANG_WARN_COMMA = YES;
				CLANG_WARN_CONSTANT_CONVERSION = YES;
				CLANG_WARN_DIRECT_OBJC_ISA_USAGE = YES_ERROR;
				CLANG_WARN_DOCUMENTATION_COMMENTS = YES;
				CLANG_WARN_EMPTY_BODY = YES;
				CLANG_WARN_ENUM_CONVERSION = YES;
				CLANG_WARN_INFINITE_RECURSION = YES;
				CLANG_WARN_INT_CONVERSION = YES;
				CLANG_WARN_NON_LITERAL_NULL_CONVERSION = YES;
				CLANG_WARN_OBJC_LITERAL_CONVERSION = YES;
				CLANG_WARN_OBJC_ROOT_CLASS = YES_ERROR;
				CLANG_WARN_RANGE_LOOP_ANALYSIS = YES;
				CLANG_WARN_STRICT_PROTOTYPES = YES;
				CLANG_WARN_SUSPICIOUS_MOVE = YES;
				CLANG_WARN_UNGUARDED_AVAILABILITY = YES_AGGRESSIVE;
				CLANG_WARN_UNREACHABLE_CODE = YES;
				CLANG_WARN__DUPLICATE_METHOD_MATCH = YES;
				CODE_SIGN_IDENTITY = "iPhone Developer";
				COPY_PHASE_STRIP = NO;
				DEBUG_INFORMATION_FORMAT = "dwarf-with-dsym";
				ENABLE_NS_ASSERTIONS = NO;
				ENABLE_STRICT_OBJC_MSGSEND = YES;
				GCC_C_LANGUAGE_STANDARD = gnu11;
				GCC_NO_COMMON_BLOCKS = YES;
				GCC_WARN_64_TO_32_BIT_CONVERSION = YES;
				GCC_WARN_ABOUT_RETURN_TYPE = YES_ERROR;
				GCC_WARN_UNDECLARED_SELECTOR = YES;
				GCC_WARN_UNINITIALIZED_AUTOS = YES_AGGRESSIVE;
				GCC_WARN_UNUSED_FUNCTION = YES;
				GCC_WARN_UNUSED_VARIABLE = YES;
				IPHONEOS_DEPLOYMENT_TARGET = 11.2;
				MTL_ENABLE_DEBUG_INFO = NO;
				SDKROOT = iphoneos;
				SWIFT_OPTIMIZATION_LEVEL = "-Owholemodule";
				VALIDATE_PRODUCT = YES;
			};
			name = Release;
		};
		CD65AD8920E5B79700EE1417 /* Debug */ = {
			isa = XCBuildConfiguration;
			buildSettings = {
				ASSETCATALOG_COMPILER_APPICON_NAME = AppIcon;
				CODE_SIGN_STYLE = Automatic;
				INFOPLIST_FILE = DIT_FOOD_TERM_PROJECT/Info.plist;
				LD_RUNPATH_SEARCH_PATHS = "$(inherited) @executable_path/Frameworks";
				PRODUCT_BUNDLE_IDENTIFIER = "-01750942.DIT-FOOD-TERM-PROJECT";
				PRODUCT_NAME = "$(TARGET_NAME)";
				SWIFT_VERSION = 4.0;
				TARGETED_DEVICE_FAMILY = "1,2";
			};
			name = Debug;
		};
		CD65AD8A20E5B79700EE1417 /* Release */ = {
			isa = XCBuildConfiguration;
			buildSettings = {
				ASSETCATALOG_COMPILER_APPICON_NAME = AppIcon;
				CODE_SIGN_STYLE = Automatic;
				INFOPLIST_FILE = DIT_FOOD_TERM_PROJECT/Info.plist;
				LD_RUNPATH_SEARCH_PATHS = "$(inherited) @executable_path/Frameworks";
				PRODUCT_BUNDLE_IDENTIFIER = "-01750942.DIT-FOOD-TERM-PROJECT";
				PRODUCT_NAME = "$(TARGET_NAME)";
				SWIFT_VERSION = 4.0;
				TARGETED_DEVICE_FAMILY = "1,2";
			};
			name = Release;
		};
/* End XCBuildConfiguration section */

/* Begin XCConfigurationList section */
		CD65AD7120E5B79700EE1417 /* Build configuration list for PBXProject "DIT_FOOD_TERM_PROJECT" */ = {
			isa = XCConfigurationList;
			buildConfigurations = (
				CD65AD8620E5B79700EE1417 /* Debug */,
				CD65AD8720E5B79700EE1417 /* Release */,
			);
			defaultConfigurationIsVisible = 0;
			defaultConfigurationName = Release;
		};
		CD65AD8820E5B79700EE1417 /* Build configuration list for PBXNativeTarget "DIT_FOOD_TERM_PROJECT" */ = {
			isa = XCConfigurationList;
			buildConfigurations = (
				CD65AD8920E5B79700EE1417 /* Debug */,
				CD65AD8A20E5B79700EE1417 /* Release */,
			);
			defaultConfigurationIsVisible = 0;
			defaultConfigurationName = Release;
		};
/* End XCConfigurationList section */
	};
	rootObject = CD65AD6E20E5B79700EE1417 /* Project object */;
}
